
Microsoft Visual Studio Solution File, Format Version 12.00
# Visual Studio Version 16
VisualStudioVersion = 16.0.31729.503
MinimumVisualStudioVersion = 10.0.40219.1
Project("{FAE04EC0-301F-11D3-BF4B-00C04F79EFBC}") = "CarRental", "CarRental.csproj", "{5AFE09F0-8813-4592-9B37-8DFEE15CA4F6}"
EndProject
Global
	GlobalSection(SolutionConfigurationPlatforms) = preSolution
		Debug|Any CPU = Debug|Any CPU
		Release|Any CPU = Release|Any CPU
	EndGlobalSection
	GlobalSection(ProjectConfigurationPlatforms) = postSolution
		{5AFE09F0-8813-4592-9B37-8DFEE15CA4F6}.Debug|Any CPU.ActiveCfg = Debug|Any CPU
		{5AFE09F0-8813-4592-9B37-8DFEE15CA4F6}.Debug|Any CPU.Build.0 = Debug|Any CPU
		{5AFE09F0-8813-4592-9B37-8DFEE15CA4F6}.Release|Any CPU.ActiveCfg = Release|Any CPU
		{5AFE09F0-8813-4592-9B37-8DFEE15CA4F6}.Release|Any CPU.Build.0 = Release|Any CPU
	EndGlobalSection
	GlobalSection(SolutionProperties) = preSolution
		HideSolutionNode = FALSE
	EndGlobalSection
	GlobalSection(ExtensibilityGlobals) = postSolution
		SolutionGuid = {418D1CE5-0F9D-4F12-84D7-7C71244E90D3}
	EndGlobalSection
EndGlobal
